
Microsoft Visual Studio Solution File, Format Version 12.00
# Visual Studio Version 16
VisualStudioVersion = 16.0.29324.140
MinimumVisualStudioVersion = 10.0.40219.1
Project("{8BC9CEB8-8B4A-11D0-8D11-00A0C91BC942}") = "simple1", "simple1\simple1.vcxproj", "{DB8913F4-CC80-4B61-92C6-CDFC446A094D}"
EndProject
Project("{8BC9CEB8-8B4A-11D0-8D11-00A0C91BC942}") = "simple2", "simple2\simple2.vcxproj", "{74BC1FD0-E458-4BCC-8E94-EAE38DD0EA89}"
EndProject
Project("{8BC9CEB8-8B4A-11D0-8D11-00A0C91BC942}") = "simple3", "simple3\simple3.vcxproj", "{3ABB4DC8-9B43-4A9F-B949-6BC6B66198B0}"
EndProject
Project("{8BC9CEB8-8B4A-11D0-8D11-00A0C91BC942}") = "simple3app", "simple3app\simple3app.vcxproj", "{CE259B79-7F20-42D5-A7C6-680D58C7A731}"
EndProject
Project("{8BC9CEB8-8B4A-11D0-8D11-00A0C91BC942}") = "instdrv", "instdrv\instdrv.vcxproj", "{5894BB53-6B7B-466B-94B4-48341769A0B7}"
EndProject
Project("{FAE04EC0-301F-11D3-BF4B-00C04F79EFBC}") = "instdrv_sharp", "instdrv_sharp\instdrv_sharp.csproj", "{9BEBE127-71CA-4A40-9429-587CB9E4EAE7}"
EndProject
Project("{8BC9CEB8-8B4A-11D0-8D11-00A0C91BC942}") = "rw_wdm", "rw_wdm\rw_wdm.vcxproj", "{371F0338-2422-45B1-9349-744A8EB8CF6B}"
EndProject
Global
	GlobalSection(SolutionConfigurationPlatforms) = preSolution
		Debug|Any CPU = Debug|Any CPU
		Debug|ARM = Debug|ARM
		Debug|ARM64 = Debug|ARM64
		Debug|x64 = Debug|x64
		Debug|x86 = Debug|x86
		Release|Any CPU = Release|Any CPU
		Release|ARM = Release|ARM
		Release|ARM64 = Release|ARM64
		Release|x64 = Release|x64
		Release|x86 = Release|x86
	EndGlobalSection
	GlobalSection(ProjectConfigurationPlatforms) = postSolution
		{DB8913F4-CC80-4B61-92C6-CDFC446A094D}.Debug|Any CPU.ActiveCfg = Debug|Win32
		{DB8913F4-CC80-4B61-92C6-CDFC446A094D}.Debug|ARM.ActiveCfg = Debug|ARM
		{DB8913F4-CC80-4B61-92C6-CDFC446A094D}.Debug|ARM.Build.0 = Debug|ARM
		{DB8913F4-CC80-4B61-92C6-CDFC446A094D}.Debug|ARM.Deploy.0 = Debug|ARM
		{DB8913F4-CC80-4B61-92C6-CDFC446A094D}.Debug|ARM64.ActiveCfg = Debug|ARM64
		{DB8913F4-CC80-4B61-92C6-CDFC446A094D}.Debug|ARM64.Build.0 = Debug|ARM64
		{DB8913F4-CC80-4B61-92C6-CDFC446A094D}.Debug|ARM64.Deploy.0 = Debug|ARM64
		{DB8913F4-CC80-4B61-92C6-CDFC446A094D}.Debug|x64.ActiveCfg = Debug|x64
		{DB8913F4-CC80-4B61-92C6-CDFC446A094D}.Debug|x64.Build.0 = Debug|x64
		{DB8913F4-CC80-4B61-92C6-CDFC446A094D}.Debug|x64.Deploy.0 = Debug|x64
		{DB8913F4-CC80-4B61-92C6-CDFC446A094D}.Debug|x86.ActiveCfg = Debug|Win32
		{DB8913F4-CC80-4B61-92C6-CDFC446A094D}.Debug|x86.Build.0 = Debug|Win32
		{DB8913F4-CC80-4B61-92C6-CDFC446A094D}.Debug|x86.Deploy.0 = Debug|Win32
		{DB8913F4-CC80-4B61-92C6-CDFC446A094D}.Release|Any CPU.ActiveCfg = Release|Win32
		{DB8913F4-CC80-4B61-92C6-CDFC446A094D}.Release|ARM.ActiveCfg = Release|ARM
		{DB8913F4-CC80-4B61-92C6-CDFC446A094D}.Release|ARM.Build.0 = Release|ARM
		{DB8913F4-CC80-4B61-92C6-CDFC446A094D}.Release|ARM.Deploy.0 = Release|ARM
		{DB8913F4-CC80-4B61-92C6-CDFC446A094D}.Release|ARM64.ActiveCfg = Release|ARM64
		{DB8913F4-CC80-4B61-92C6-CDFC446A094D}.Release|ARM64.Build.0 = Release|ARM64
		{DB8913F4-CC80-4B61-92C6-CDFC446A094D}.Release|ARM64.Deploy.0 = Release|ARM64
		{DB8913F4-CC80-4B61-92C6-CDFC446A094D}.Release|x64.ActiveCfg = Release|x64
		{DB8913F4-CC80-4B61-92C6-CDFC446A094D}.Release|x64.Build.0 = Release|x64
		{DB8913F4-CC80-4B61-92C6-CDFC446A094D}.Release|x64.Deploy.0 = Release|x64
		{DB8913F4-CC80-4B61-92C6-CDFC446A094D}.Release|x86.ActiveCfg = Release|Win32
		{DB8913F4-CC80-4B61-92C6-CDFC446A094D}.Release|x86.Build.0 = Release|Win32
		{DB8913F4-CC80-4B61-92C6-CDFC446A094D}.Release|x86.Deploy.0 = Release|Win32
		{74BC1FD0-E458-4BCC-8E94-EAE38DD0EA89}.Debug|Any CPU.ActiveCfg = Debug|Win32
		{74BC1FD0-E458-4BCC-8E94-EAE38DD0EA89}.Debug|ARM.ActiveCfg = Debug|ARM
		{74BC1FD0-E458-4BCC-8E94-EAE38DD0EA89}.Debug|ARM.Build.0 = Debug|ARM
		{74BC1FD0-E458-4BCC-8E94-EAE38DD0EA89}.Debug|ARM.Deploy.0 = Debug|ARM
		{74BC1FD0-E458-4BCC-8E94-EAE38DD0EA89}.Debug|ARM64.ActiveCfg = Debug|ARM64
		{74BC1FD0-E458-4BCC-8E94-EAE38DD0EA89}.Debug|ARM64.Build.0 = Debug|ARM64
		{74BC1FD0-E458-4BCC-8E94-EAE38DD0EA89}.Debug|ARM64.Deploy.0 = Debug|ARM64
		{74BC1FD0-E458-4BCC-8E94-EAE38DD0EA89}.Debug|x64.ActiveCfg = Debug|x64
		{74BC1FD0-E458-4BCC-8E94-EAE38DD0EA89}.Debug|x64.Build.0 = Debug|x64
		{74BC1FD0-E458-4BCC-8E94-EAE38DD0EA89}.Debug|x64.Deploy.0 = Debug|x64
		{74BC1FD0-E458-4BCC-8E94-EAE38DD0EA89}.Debug|x86.ActiveCfg = Debug|Win32
		{74BC1FD0-E458-4BCC-8E94-EAE38DD0EA89}.Debug|x86.Build.0 = Debug|Win32
		{74BC1FD0-E458-4BCC-8E94-EAE38DD0EA89}.Debug|x86.Deploy.0 = Debug|Win32
		{74BC1FD0-E458-4BCC-8E94-EAE38DD0EA89}.Release|Any CPU.ActiveCfg = Release|Win32
		{74BC1FD0-E458-4BCC-8E94-EAE38DD0EA89}.Release|ARM.ActiveCfg = Release|ARM
		{74BC1FD0-E458-4BCC-8E94-EAE38DD0EA89}.Release|ARM.Build.0 = Release|ARM
		{74BC1FD0-E458-4BCC-8E94-EAE38DD0EA89}.Release|ARM.Deploy.0 = Release|ARM
		{74BC1FD0-E458-4BCC-8E94-EAE38DD0EA89}.Release|ARM64.ActiveCfg = Release|ARM64
		{74BC1FD0-E458-4BCC-8E94-EAE38DD0EA89}.Release|ARM64.Build.0 = Release|ARM64
		{74BC1FD0-E458-4BCC-8E94-EAE38DD0EA89}.Release|ARM64.Deploy.0 = Release|ARM64
		{74BC1FD0-E458-4BCC-8E94-EAE38DD0EA89}.Release|x64.ActiveCfg = Release|x64
		{74BC1FD0-E458-4BCC-8E94-EAE38DD0EA89}.Release|x64.Build.0 = Release|x64
		{74BC1FD0-E458-4BCC-8E94-EAE38DD0EA89}.Release|x64.Deploy.0 = Release|x64
		{74BC1FD0-E458-4BCC-8E94-EAE38DD0EA89}.Release|x86.ActiveCfg = Release|Win32
		{74BC1FD0-E458-4BCC-8E94-EAE38DD0EA89}.Release|x86.Build.0 = Release|Win32
		{74BC1FD0-E458-4BCC-8E94-EAE38DD0EA89}.Release|x86.Deploy.0 = Release|Win32
		{3ABB4DC8-9B43-4A9F-B949-6BC6B66198B0}.Debug|Any CPU.ActiveCfg = Debug|Win32
		{3ABB4DC8-9B43-4A9F-B949-6BC6B66198B0}.Debug|ARM.ActiveCfg = Debug|ARM
		{3ABB4DC8-9B43-4A9F-B949-6BC6B66198B0}.Debug|ARM.Build.0 = Debug|ARM
		{3ABB4DC8-9B43-4A9F-B949-6BC6B66198B0}.Debug|ARM.Deploy.0 = Debug|ARM
		{3ABB4DC8-9B43-4A9F-B949-6BC6B66198B0}.Debug|ARM64.ActiveCfg = Debug|ARM64
		{3ABB4DC8-9B43-4A9F-B949-6BC6B66198B0}.Debug|ARM64.Build.0 = Debug|ARM64
		{3ABB4DC8-9B43-4A9F-B949-6BC6B66198B0}.Debug|ARM64.Deploy.0 = Debug|ARM64
		{3ABB4DC8-9B43-4A9F-B949-6BC6B66198B0}.Debug|x64.ActiveCfg = Debug|x64
		{3ABB4DC8-9B43-4A9F-B949-6BC6B66198B0}.Debug|x64.Build.0 = Debug|x64
		{3ABB4DC8-9B43-4A9F-B949-6BC6B66198B0}.Debug|x64.Deploy.0 = Debug|x64
		{3ABB4DC8-9B43-4A9F-B949-6BC6B66198B0}.Debug|x86.ActiveCfg = Debug|Win32
		{3ABB4DC8-9B43-4A9F-B949-6BC6B66198B0}.Debug|x86.Build.0 = Debug|Win32
		{3ABB4DC8-9B43-4A9F-B949-6BC6B66198B0}.Debug|x86.Deploy.0 = Debug|Win32
		{3ABB4DC8-9B43-4A9F-B949-6BC6B66198B0}.Release|Any CPU.ActiveCfg = Release|Win32
		{3ABB4DC8-9B43-4A9F-B949-6BC6B66198B0}.Release|ARM.ActiveCfg = Release|ARM
		{3ABB4DC8-9B43-4A9F-B949-6BC6B66198B0}.Release|ARM.Build.0 = Release|ARM
		{3ABB4DC8-9B43-4A9F-B949-6BC6B66198B0}.Release|ARM.Deploy.0 = Release|ARM
		{3ABB4DC8-9B43-4A9F-B949-6BC6B66198B0}.Release|ARM64.ActiveCfg = Release|ARM64
		{3ABB4DC8-9B43-4A9F-B949-6BC6B66198B0}.Release|ARM64.Build.0 = Release|ARM64
		{3ABB4DC8-9B43-4A9F-B949-6BC6B66198B0}.Release|ARM64.Deploy.0 = Release|ARM64
		{3ABB4DC8-9B43-4A9F-B949-6BC6B66198B0}.Release|x64.ActiveCfg = Release|x64
		{3ABB4DC8-9B43-4A9F-B949-6BC6B66198B0}.Release|x64.Build.0 = Release|x64
		{3ABB4DC8-9B43-4A9F-B949-6BC6B66198B0}.Release|x64.Deploy.0 = Release|x64
		{3ABB4DC8-9B43-4A9F-B949-6BC6B66198B0}.Release|x86.ActiveCfg = Release|Win32
		{3ABB4DC8-9B43-4A9F-B949-6BC6B66198B0}.Release|x86.Build.0 = Release|Win32
		{3ABB4DC8-9B43-4A9F-B949-6BC6B66198B0}.Release|x86.Deploy.0 = Release|Win32
		{CE259B79-7F20-42D5-A7C6-680D58C7A731}.Debug|Any CPU.ActiveCfg = Debug|Win32
		{CE259B79-7F20-42D5-A7C6-680D58C7A731}.Debug|ARM.ActiveCfg = Debug|Win32
		{CE259B79-7F20-42D5-A7C6-680D58C7A731}.Debug|ARM64.ActiveCfg = Debug|Win32
		{CE259B79-7F20-42D5-A7C6-680D58C7A731}.Debug|x64.ActiveCfg = Debug|x64
		{CE259B79-7F20-42D5-A7C6-680D58C7A731}.Debug|x64.Build.0 = Debug|x64
		{CE259B79-7F20-42D5-A7C6-680D58C7A731}.Debug|x86.ActiveCfg = Debug|Win32
		{CE259B79-7F20-42D5-A7C6-680D58C7A731}.Debug|x86.Build.0 = Debug|Win32
		{CE259B79-7F20-42D5-A7C6-680D58C7A731}.Release|Any CPU.ActiveCfg = Release|Win32
		{CE259B79-7F20-42D5-A7C6-680D58C7A731}.Release|ARM.ActiveCfg = Release|Win32
		{CE259B79-7F20-42D5-A7C6-680D58C7A731}.Release|ARM64.ActiveCfg = Release|Win32
		{CE259B79-7F20-42D5-A7C6-680D58C7A731}.Release|x64.ActiveCfg = Release|x64
		{CE259B79-7F20-42D5-A7C6-680D58C7A731}.Release|x64.Build.0 = Release|x64
		{CE259B79-7F20-42D5-A7C6-680D58C7A731}.Release|x86.ActiveCfg = Release|Win32
		{CE259B79-7F20-42D5-A7C6-680D58C7A731}.Release|x86.Build.0 = Release|Win32
		{5894BB53-6B7B-466B-94B4-48341769A0B7}.Debug|Any CPU.ActiveCfg = Debug|Win32
		{5894BB53-6B7B-466B-94B4-48341769A0B7}.Debug|ARM.ActiveCfg = Debug|Win32
		{5894BB53-6B7B-466B-94B4-48341769A0B7}.Debug|ARM64.ActiveCfg = Debug|Win32
		{5894BB53-6B7B-466B-94B4-48341769A0B7}.Debug|x64.ActiveCfg = Debug|x64
		{5894BB53-6B7B-466B-94B4-48341769A0B7}.Debug|x64.Build.0 = Debug|x64
		{5894BB53-6B7B-466B-94B4-48341769A0B7}.Debug|x64.Deploy.0 = Debug|x64
		{5894BB53-6B7B-466B-94B4-48341769A0B7}.Debug|x86.ActiveCfg = Debug|Win32
		{5894BB53-6B7B-466B-94B4-48341769A0B7}.Debug|x86.Build.0 = Debug|Win32
		{5894BB53-6B7B-466B-94B4-48341769A0B7}.Release|Any CPU.ActiveCfg = Release|Win32
		{5894BB53-6B7B-466B-94B4-48341769A0B7}.Release|ARM.ActiveCfg = Release|Win32
		{5894BB53-6B7B-466B-94B4-48341769A0B7}.Release|ARM64.ActiveCfg = Release|Win32
		{5894BB53-6B7B-466B-94B4-48341769A0B7}.Release|x64.ActiveCfg = Release|x64
		{5894BB53-6B7B-466B-94B4-48341769A0B7}.Release|x64.Build.0 = Release|x64
		{5894BB53-6B7B-466B-94B4-48341769A0B7}.Release|x64.Deploy.0 = Release|x64
		{5894BB53-6B7B-466B-94B4-48341769A0B7}.Release|x86.ActiveCfg = Release|Win32
		{5894BB53-6B7B-466B-94B4-48341769A0B7}.Release|x86.Build.0 = Release|Win32
		{9BEBE127-71CA-4A40-9429-587CB9E4EAE7}.Debug|Any CPU.ActiveCfg = Debug|Any CPU
		{9BEBE127-71CA-4A40-9429-587CB9E4EAE7}.Debug|Any CPU.Build.0 = Debug|Any CPU
		{9BEBE127-71CA-4A40-9429-587CB9E4EAE7}.Debug|ARM.ActiveCfg = Debug|Any CPU
		{9BEBE127-71CA-4A40-9429-587CB9E4EAE7}.Debug|ARM.Build.0 = Debug|Any CPU
		{9BEBE127-71CA-4A40-9429-587CB9E4EAE7}.Debug|ARM64.ActiveCfg = Debug|Any CPU
		{9BEBE127-71CA-4A40-9429-587CB9E4EAE7}.Debug|ARM64.Build.0 = Debug|Any CPU
		{9BEBE127-71CA-4A40-9429-587CB9E4EAE7}.Debug|x64.ActiveCfg = Debug|Any CPU
		{9BEBE127-71CA-4A40-9429-587CB9E4EAE7}.Debug|x64.Build.0 = Debug|Any CPU
		{9BEBE127-71CA-4A40-9429-587CB9E4EAE7}.Debug|x86.ActiveCfg = Debug|Any CPU
		{9BEBE127-71CA-4A40-9429-587CB9E4EAE7}.Debug|x86.Build.0 = Debug|Any CPU
		{9BEBE127-71CA-4A40-9429-587CB9E4EAE7}.Release|Any CPU.ActiveCfg = Release|Any CPU
		{9BEBE127-71CA-4A40-9429-587CB9E4EAE7}.Release|Any CPU.Build.0 = Release|Any CPU
		{9BEBE127-71CA-4A40-9429-587CB9E4EAE7}.Release|ARM.ActiveCfg = Release|Any CPU
		{9BEBE127-71CA-4A40-9429-587CB9E4EAE7}.Release|ARM.Build.0 = Release|Any CPU
		{9BEBE127-71CA-4A40-9429-587CB9E4EAE7}.Release|ARM64.ActiveCfg = Release|Any CPU
		{9BEBE127-71CA-4A40-9429-587CB9E4EAE7}.Release|ARM64.Build.0 = Release|Any CPU
		{9BEBE127-71CA-4A40-9429-587CB9E4EAE7}.Release|x64.ActiveCfg = Release|Any CPU
		{9BEBE127-71CA-4A40-9429-587CB9E4EAE7}.Release|x64.Build.0 = Release|Any CPU
		{9BEBE127-71CA-4A40-9429-587CB9E4EAE7}.Release|x86.ActiveCfg = Release|Any CPU
		{9BEBE127-71CA-4A40-9429-587CB9E4EAE7}.Release|x86.Build.0 = Release|Any CPU
		{371F0338-2422-45B1-9349-744A8EB8CF6B}.Debug|Any CPU.ActiveCfg = Debug|Win32
		{371F0338-2422-45B1-9349-744A8EB8CF6B}.Debug|ARM.ActiveCfg = Debug|ARM
		{371F0338-2422-45B1-9349-744A8EB8CF6B}.Debug|ARM.Build.0 = Debug|ARM
		{371F0338-2422-45B1-9349-744A8EB8CF6B}.Debug|ARM.Deploy.0 = Debug|ARM
		{371F0338-2422-45B1-9349-744A8EB8CF6B}.Debug|ARM64.ActiveCfg = Debug|ARM64
		{371F0338-2422-45B1-9349-744A8EB8CF6B}.Debug|ARM64.Build.0 = Debug|ARM64
		{371F0338-2422-45B1-9349-744A8EB8CF6B}.Debug|ARM64.Deploy.0 = Debug|ARM64
		{371F0338-2422-45B1-9349-744A8EB8CF6B}.Debug|x64.ActiveCfg = Debug|x64
		{371F0338-2422-45B1-9349-744A8EB8CF6B}.Debug|x64.Build.0 = Debug|x64
		{371F0338-2422-45B1-9349-744A8EB8CF6B}.Debug|x64.Deploy.0 = Debug|x64
		{371F0338-2422-45B1-9349-744A8EB8CF6B}.Debug|x86.ActiveCfg = Debug|Win32
		{371F0338-2422-45B1-9349-744A8EB8CF6B}.Debug|x86.Build.0 = Debug|Win32
		{371F0338-2422-45B1-9349-744A8EB8CF6B}.Debug|x86.Deploy.0 = Debug|Win32
		{371F0338-2422-45B1-9349-744A8EB8CF6B}.Release|Any CPU.ActiveCfg = Release|Win32
		{371F0338-2422-45B1-9349-744A8EB8CF6B}.Release|ARM.ActiveCfg = Release|ARM
		{371F0338-2422-45B1-9349-744A8EB8CF6B}.Release|ARM.Build.0 = Release|ARM
		{371F0338-2422-45B1-9349-744A8EB8CF6B}.Release|ARM.Deploy.0 = Release|ARM
		{371F0338-2422-45B1-9349-744A8EB8CF6B}.Release|ARM64.ActiveCfg = Release|ARM64
		{371F0338-2422-45B1-9349-744A8EB8CF6B}.Release|ARM64.Build.0 = Release|ARM64
		{371F0338-2422-45B1-9349-744A8EB8CF6B}.Release|ARM64.Deploy.0 = Release|ARM64
		{371F0338-2422-45B1-9349-744A8EB8CF6B}.Release|x64.ActiveCfg = Release|x64
		{371F0338-2422-45B1-9349-744A8EB8CF6B}.Release|x64.Build.0 = Release|x64
		{371F0338-2422-45B1-9349-744A8EB8CF6B}.Release|x64.Deploy.0 = Release|x64
		{371F0338-2422-45B1-9349-744A8EB8CF6B}.Release|x86.ActiveCfg = Release|Win32
		{371F0338-2422-45B1-9349-744A8EB8CF6B}.Release|x86.Build.0 = Release|Win32
		{371F0338-2422-45B1-9349-744A8EB8CF6B}.Release|x86.Deploy.0 = Release|Win32
	EndGlobalSection
	GlobalSection(SolutionProperties) = preSolution
		HideSolutionNode = FALSE
	EndGlobalSection
	GlobalSection(ExtensibilityGlobals) = postSolution
		SolutionGuid = {7D043390-396C-4AE0-BDA5-AB49C342D454}
	EndGlobalSection
EndGlobal
