
Microsoft Visual Studio Solution File, Format Version 12.00
# Visual Studio Version 16
VisualStudioVersion = 16.0.29324.140
MinimumVisualStudioVersion = 10.0.40219.1
Project("{8BC9CEB8-8B4A-11D0-8D11-00A0C91BC942}") = "simple1", "simple1\simple1.vcxproj", "{DB8913F4-CC80-4B61-92C6-CDFC446A094D}"
EndProject
Project("{8BC9CEB8-8B4A-11D0-8D11-00A0C91BC942}") = "simple2", "simple2\simple2.vcxproj", "{74BC1FD0-E458-4BCC-8E94-EAE38DD0EA89}"
EndProject
Project("{8BC9CEB8-8B4A-11D0-8D11-00A0C91BC942}") = "simple3", "simple3\simple3.vcxproj", "{3ABB4DC8-9B43-4A9F-B949-6BC6B66198B0}"
EndProject
Global
	GlobalSection(SolutionConfigurationPlatforms) = preSolution
		Debug|ARM = Debug|ARM
		Debug|ARM64 = Debug|ARM64
		Debug|x64 = Debug|x64
		Debug|x86 = Debug|x86
		Release|ARM = Release|ARM
		Release|ARM64 = Release|ARM64
		Release|x64 = Release|x64
		Release|x86 = Release|x86
	EndGlobalSection
	GlobalSection(ProjectConfigurationPlatforms) = postSolution
		{DB8913F4-CC80-4B61-92C6-CDFC446A094D}.Debug|ARM.ActiveCfg = Debug|ARM
		{DB8913F4-CC80-4B61-92C6-CDFC446A094D}.Debug|ARM.Build.0 = Debug|ARM
		{DB8913F4-CC80-4B61-92C6-CDFC446A094D}.Debug|ARM.Deploy.0 = Debug|ARM
		{DB8913F4-CC80-4B61-92C6-CDFC446A094D}.Debug|ARM64.ActiveCfg = Debug|ARM64
		{DB8913F4-CC80-4B61-92C6-CDFC446A094D}.Debug|ARM64.Build.0 = Debug|ARM64
		{DB8913F4-CC80-4B61-92C6-CDFC446A094D}.Debug|ARM64.Deploy.0 = Debug|ARM64
		{DB8913F4-CC80-4B61-92C6-CDFC446A094D}.Debug|x64.ActiveCfg = Debug|x64
		{DB8913F4-CC80-4B61-92C6-CDFC446A094D}.Debug|x64.Build.0 = Debug|x64
		{DB8913F4-CC80-4B61-92C6-CDFC446A094D}.Debug|x64.Deploy.0 = Debug|x64
		{DB8913F4-CC80-4B61-92C6-CDFC446A094D}.Debug|x86.ActiveCfg = Debug|Win32
		{DB8913F4-CC80-4B61-92C6-CDFC446A094D}.Debug|x86.Build.0 = Debug|Win32
		{DB8913F4-CC80-4B61-92C6-CDFC446A094D}.Debug|x86.Deploy.0 = Debug|Win32
		{DB8913F4-CC80-4B61-92C6-CDFC446A094D}.Release|ARM.ActiveCfg = Release|ARM
		{DB8913F4-CC80-4B61-92C6-CDFC446A094D}.Release|ARM.Build.0 = Release|ARM
		{DB8913F4-CC80-4B61-92C6-CDFC446A094D}.Release|ARM.Deploy.0 = Release|ARM
		{DB8913F4-CC80-4B61-92C6-CDFC446A094D}.Release|ARM64.ActiveCfg = Release|ARM64
		{DB8913F4-CC80-4B61-92C6-CDFC446A094D}.Release|ARM64.Build.0 = Release|ARM64
		{DB8913F4-CC80-4B61-92C6-CDFC446A094D}.Release|ARM64.Deploy.0 = Release|ARM64
		{DB8913F4-CC80-4B61-92C6-CDFC446A094D}.Release|x64.ActiveCfg = Release|x64
		{DB8913F4-CC80-4B61-92C6-CDFC446A094D}.Release|x64.Build.0 = Release|x64
		{DB8913F4-CC80-4B61-92C6-CDFC446A094D}.Release|x64.Deploy.0 = Release|x64
		{DB8913F4-CC80-4B61-92C6-CDFC446A094D}.Release|x86.ActiveCfg = Release|Win32
		{DB8913F4-CC80-4B61-92C6-CDFC446A094D}.Release|x86.Build.0 = Release|Win32
		{DB8913F4-CC80-4B61-92C6-CDFC446A094D}.Release|x86.Deploy.0 = Release|Win32
		{74BC1FD0-E458-4BCC-8E94-EAE38DD0EA89}.Debug|ARM.ActiveCfg = Debug|ARM
		{74BC1FD0-E458-4BCC-8E94-EAE38DD0EA89}.Debug|ARM.Build.0 = Debug|ARM
		{74BC1FD0-E458-4BCC-8E94-EAE38DD0EA89}.Debug|ARM.Deploy.0 = Debug|ARM
		{74BC1FD0-E458-4BCC-8E94-EAE38DD0EA89}.Debug|ARM64.ActiveCfg = Debug|ARM64
		{74BC1FD0-E458-4BCC-8E94-EAE38DD0EA89}.Debug|ARM64.Build.0 = Debug|ARM64
		{74BC1FD0-E458-4BCC-8E94-EAE38DD0EA89}.Debug|ARM64.Deploy.0 = Debug|ARM64
		{74BC1FD0-E458-4BCC-8E94-EAE38DD0EA89}.Debug|x64.ActiveCfg = Debug|x64
		{74BC1FD0-E458-4BCC-8E94-EAE38DD0EA89}.Debug|x64.Build.0 = Debug|x64
		{74BC1FD0-E458-4BCC-8E94-EAE38DD0EA89}.Debug|x64.Deploy.0 = Debug|x64
		{74BC1FD0-E458-4BCC-8E94-EAE38DD0EA89}.Debug|x86.ActiveCfg = Debug|Win32
		{74BC1FD0-E458-4BCC-8E94-EAE38DD0EA89}.Debug|x86.Build.0 = Debug|Win32
		{74BC1FD0-E458-4BCC-8E94-EAE38DD0EA89}.Debug|x86.Deploy.0 = Debug|Win32
		{74BC1FD0-E458-4BCC-8E94-EAE38DD0EA89}.Release|ARM.ActiveCfg = Release|ARM
		{74BC1FD0-E458-4BCC-8E94-EAE38DD0EA89}.Release|ARM.Build.0 = Release|ARM
		{74BC1FD0-E458-4BCC-8E94-EAE38DD0EA89}.Release|ARM.Deploy.0 = Release|ARM
		{74BC1FD0-E458-4BCC-8E94-EAE38DD0EA89}.Release|ARM64.ActiveCfg = Release|ARM64
		{74BC1FD0-E458-4BCC-8E94-EAE38DD0EA89}.Release|ARM64.Build.0 = Release|ARM64
		{74BC1FD0-E458-4BCC-8E94-EAE38DD0EA89}.Release|ARM64.Deploy.0 = Release|ARM64
		{74BC1FD0-E458-4BCC-8E94-EAE38DD0EA89}.Release|x64.ActiveCfg = Release|x64
		{74BC1FD0-E458-4BCC-8E94-EAE38DD0EA89}.Release|x64.Build.0 = Release|x64
		{74BC1FD0-E458-4BCC-8E94-EAE38DD0EA89}.Release|x64.Deploy.0 = Release|x64
		{74BC1FD0-E458-4BCC-8E94-EAE38DD0EA89}.Release|x86.ActiveCfg = Release|Win32
		{74BC1FD0-E458-4BCC-8E94-EAE38DD0EA89}.Release|x86.Build.0 = Release|Win32
		{74BC1FD0-E458-4BCC-8E94-EAE38DD0EA89}.Release|x86.Deploy.0 = Release|Win32
		{3ABB4DC8-9B43-4A9F-B949-6BC6B66198B0}.Debug|ARM.ActiveCfg = Debug|ARM
		{3ABB4DC8-9B43-4A9F-B949-6BC6B66198B0}.Debug|ARM.Build.0 = Debug|ARM
		{3ABB4DC8-9B43-4A9F-B949-6BC6B66198B0}.Debug|ARM.Deploy.0 = Debug|ARM
		{3ABB4DC8-9B43-4A9F-B949-6BC6B66198B0}.Debug|ARM64.ActiveCfg = Debug|ARM64
		{3ABB4DC8-9B43-4A9F-B949-6BC6B66198B0}.Debug|ARM64.Build.0 = Debug|ARM64
		{3ABB4DC8-9B43-4A9F-B949-6BC6B66198B0}.Debug|ARM64.Deploy.0 = Debug|ARM64
		{3ABB4DC8-9B43-4A9F-B949-6BC6B66198B0}.Debug|x64.ActiveCfg = Debug|x64
		{3ABB4DC8-9B43-4A9F-B949-6BC6B66198B0}.Debug|x64.Build.0 = Debug|x64
		{3ABB4DC8-9B43-4A9F-B949-6BC6B66198B0}.Debug|x64.Deploy.0 = Debug|x64
		{3ABB4DC8-9B43-4A9F-B949-6BC6B66198B0}.Debug|x86.ActiveCfg = Debug|Win32
		{3ABB4DC8-9B43-4A9F-B949-6BC6B66198B0}.Debug|x86.Build.0 = Debug|Win32
		{3ABB4DC8-9B43-4A9F-B949-6BC6B66198B0}.Debug|x86.Deploy.0 = Debug|Win32
		{3ABB4DC8-9B43-4A9F-B949-6BC6B66198B0}.Release|ARM.ActiveCfg = Release|ARM
		{3ABB4DC8-9B43-4A9F-B949-6BC6B66198B0}.Release|ARM.Build.0 = Release|ARM
		{3ABB4DC8-9B43-4A9F-B949-6BC6B66198B0}.Release|ARM.Deploy.0 = Release|ARM
		{3ABB4DC8-9B43-4A9F-B949-6BC6B66198B0}.Release|ARM64.ActiveCfg = Release|ARM64
		{3ABB4DC8-9B43-4A9F-B949-6BC6B66198B0}.Release|ARM64.Build.0 = Release|ARM64
		{3ABB4DC8-9B43-4A9F-B949-6BC6B66198B0}.Release|ARM64.Deploy.0 = Release|ARM64
		{3ABB4DC8-9B43-4A9F-B949-6BC6B66198B0}.Release|x64.ActiveCfg = Release|x64
		{3ABB4DC8-9B43-4A9F-B949-6BC6B66198B0}.Release|x64.Build.0 = Release|x64
		{3ABB4DC8-9B43-4A9F-B949-6BC6B66198B0}.Release|x64.Deploy.0 = Release|x64
		{3ABB4DC8-9B43-4A9F-B949-6BC6B66198B0}.Release|x86.ActiveCfg = Release|Win32
		{3ABB4DC8-9B43-4A9F-B949-6BC6B66198B0}.Release|x86.Build.0 = Release|Win32
		{3ABB4DC8-9B43-4A9F-B949-6BC6B66198B0}.Release|x86.Deploy.0 = Release|Win32
	EndGlobalSection
	GlobalSection(SolutionProperties) = preSolution
		HideSolutionNode = FALSE
	EndGlobalSection
	GlobalSection(ExtensibilityGlobals) = postSolution
		SolutionGuid = {7D043390-396C-4AE0-BDA5-AB49C342D454}
	EndGlobalSection
EndGlobal
